
Microsoft Visual Studio Solution File, Format Version 12.00
# Visual Studio Version 17
VisualStudioVersion = 17.5.2.0
MinimumVisualStudioVersion = 10.0.40219.1
Project("{FAE04EC0-301F-11D3-BF4B-00C04F79EFBC}") = "calculator", "calculator\calculator.csproj", "{054F7CB1-05A9-D89F-46D4-3FD428208C29}"
EndProject
Project("{FAE04EC0-301F-11D3-BF4B-00C04F79EFBC}") = "variables", "variables\variables.csproj", "{73A37665-115A-6C9C-33EA-44C594002D0C}"
EndProject
Project("{FAE04EC0-301F-11D3-BF4B-00C04F79EFBC}") = "LogicApp", "LogicApp\LogicApp.csproj", "{F3F3CC22-FFE6-4080-BD64-43905DC5A1EB}"
EndProject
Project("{FAE04EC0-301F-11D3-BF4B-00C04F79EFBC}") = "QuizApp", "QuizApp\QuizApp.csproj", "{8786D352-E7A2-470D-A090-E1D541352C44}"
EndProject
Project("{FAE04EC0-301F-11D3-BF4B-00C04F79EFBC}") = "RandomNum", "RandomNum\RandomNum.csproj", "{A1470F5F-67B2-4C08-9EAF-484E548DC24F}"
EndProject
Project("{FAE04EC0-301F-11D3-BF4B-00C04F79EFBC}") = "LoopsBasics", "LoopsBasics\LoopsBasics.csproj", "{21868354-8974-4777-B9CB-AA334FAF2EF9}"
EndProject
Project("{FAE04EC0-301F-11D3-BF4B-00C04F79EFBC}") = "GuessNumber", "GuessNumber\GuessNumber.csproj", "{2CF2C16F-B27E-4C81-B0E2-DF706DD35314}"
EndProject
Project("{FAE04EC0-301F-11D3-BF4B-00C04F79EFBC}") = "TextAdventureGame", "TextAdventureGame\TextAdventureGame.csproj", "{21200B42-44FC-4E10-A8BF-925DD14E4A3D}"
EndProject
Project("{FAE04EC0-301F-11D3-BF4B-00C04F79EFBC}") = "CalculateAvg", "CalculateAvg\CalculateAvg.csproj", "{8EEB5B9B-4B63-4890-8DB6-26B02F41919C}"
EndProject
Project("{FAE04EC0-301F-11D3-BF4B-00C04F79EFBC}") = "Arrays", "Arrays\Arrays.csproj", "{DDC0A4C3-B8FB-408C-8743-3F79303CA709}"
EndProject
Project("{FAE04EC0-301F-11D3-BF4B-00C04F79EFBC}") = "MethodsApp", "MethodsApp\MethodsApp.csproj", "{F75AB3F5-DE21-45D1-810A-1B13E95A6932}"
EndProject
Project("{FAE04EC0-301F-11D3-BF4B-00C04F79EFBC}") = "OldStyle", "OldStyle\OldStyle.csproj", "{2EE6CBC6-FC4A-4AEE-9DE2-DD65460CD66B}"
EndProject
Project("{FAE04EC0-301F-11D3-BF4B-00C04F79EFBC}") = "WeatherStationSimulator", "WeatherStationSimulator\WeatherStationSimulator.csproj", "{BAD3FEB2-F8A2-4C61-BAD0-BE99F13C5F73}"
EndProject
Project("{FAE04EC0-301F-11D3-BF4B-00C04F79EFBC}") = "ClassesApp", "ClassesApp\ClassesApp.csproj", "{83FAF75F-AC15-4F23-ACC3-CFECE38C23DA}"
EndProject
Project("{FAE04EC0-301F-11D3-BF4B-00C04F79EFBC}") = "OperationOverloading", "OperationOverloading\OperationOverloading.csproj", "{817C9FE0-C028-4001-B6E5-E9B7B5A640D2}"
EndProject
Project("{FAE04EC0-301F-11D3-BF4B-00C04F79EFBC}") = "BinOperatorOverloading", "BinOperatorOverloading\BinOperatorOverloading.csproj", "{26BB1807-5238-4DF4-95BB-41D2861A06CE}"
EndProject
Project("{FAE04EC0-301F-11D3-BF4B-00C04F79EFBC}") = "QuizProject", "QuizProject\QuizProject.csproj", "{70A4C7AE-EB71-4A9D-9A60-818CA3C5A212}"
EndProject
Project("{FAE04EC0-301F-11D3-BF4B-00C04F79EFBC}") = "ListApp", "ListApp\ListApp.csproj", "{734A7F57-EEAC-4423-9253-4BBE364EED08}"
EndProject
Project("{FAE04EC0-301F-11D3-BF4B-00C04F79EFBC}") = "HashTables", "HashTables\HashTables.csproj", "{19B1E644-6DC8-49B2-9C1F-A774CA5DD6BF}"
EndProject
Project("{FAE04EC0-301F-11D3-BF4B-00C04F79EFBC}") = "Dictionary", "Dictionary\Dictionary.csproj", "{A6E792B4-0C7E-48C4-B2AC-C7757F6BD9D9}"
EndProject
Project("{FAE04EC0-301F-11D3-BF4B-00C04F79EFBC}") = "ErrorHandling", "ErrorHandling\ErrorHandling.csproj", "{1E06659A-D6BE-4302-8EA6-23C339A66482}"
EndProject
Project("{FAE04EC0-301F-11D3-BF4B-00C04F79EFBC}") = "InheritenceApp", "InheritenceApp\InheritenceApp.csproj", "{0C95F795-0060-409A-B822-1151715F67F6}"
EndProject
Project("{FAE04EC0-301F-11D3-BF4B-00C04F79EFBC}") = "InterfacesApp", "InterfacesApp\InterfacesApp.csproj", "{65B5604E-0087-405C-ABB5-4F5224B201C4}"
EndProject
Project("{FAE04EC0-301F-11D3-BF4B-00C04F79EFBC}") = "DependencyInjectionApp", "DependencyInjectionApp\DependencyInjectionApp.csproj", "{BCBC5042-4E0A-40CC-8249-FA38D5DE89D1}"
EndProject
Project("{FAE04EC0-301F-11D3-BF4B-00C04F79EFBC}") = "StructsApp", "StructsApp\StructsApp.csproj", "{7D019B1A-4E7C-4CB9-B3EB-F2CA72DF7A75}"
EndProject
Project("{FAE04EC0-301F-11D3-BF4B-00C04F79EFBC}") = "DateTime", "DateTime\DateTime.csproj", "{BBDA12CC-C186-4EF7-9452-0D19A001A26D}"
EndProject
Project("{FAE04EC0-301F-11D3-BF4B-00C04F79EFBC}") = "DelegatesAndEvents", "DelegatesAndEvents\DelegatesAndEvents.csproj", "{0AA2C3CC-B271-4AC6-A1D6-C6024D4F9E77}"
EndProject
Project("{FAE04EC0-301F-11D3-BF4B-00C04F79EFBC}") = "EventsApp", "EventsApp\EventsApp.csproj", "{F4AFFF5A-0A95-4CB3-A668-0E1991E11773}"
EndProject
Project("{FAE04EC0-301F-11D3-BF4B-00C04F79EFBC}") = "RegEx", "RegEx\RegEx.csproj", "{E327B3EC-7645-4093-B9D7-E0E31ABFCD1A}"
EndProject
Project("{FAE04EC0-301F-11D3-BF4B-00C04F79EFBC}") = "LinqApp", "LinqApp\LinqApp.csproj", "{46657438-0444-45D1-807E-5B5D5A88F917}"
EndProject
Project("{FAE04EC0-301F-11D3-BF4B-00C04F79EFBC}") = "XMLLinqApp", "XMLLinqApp\XMLLinqApp.csproj", "{C747BE5C-C454-413F-939D-3565D8BF66FE}"
EndProject
Project("{FAE04EC0-301F-11D3-BF4B-00C04F79EFBC}") = "LinqToSQL", "LinqToSQL\LinqToSQL.csproj", "{6768713C-5D7C-4D92-B81D-B6B4BF5D1C1F}"
EndProject
Project("{FAE04EC0-301F-11D3-BF4B-00C04F79EFBC}") = "Generics", "Generics\Generics.csproj", "{C0B6CF19-9A52-494D-BB32-34A690D7FCA3}"
EndProject
Global
	GlobalSection(SolutionConfigurationPlatforms) = preSolution
		Debug|Any CPU = Debug|Any CPU
		Debug|x64 = Debug|x64
		Debug|x86 = Debug|x86
		Release|Any CPU = Release|Any CPU
		Release|x64 = Release|x64
		Release|x86 = Release|x86
	EndGlobalSection
	GlobalSection(ProjectConfigurationPlatforms) = postSolution
		{054F7CB1-05A9-D89F-46D4-3FD428208C29}.Debug|Any CPU.ActiveCfg = Debug|Any CPU
		{054F7CB1-05A9-D89F-46D4-3FD428208C29}.Debug|Any CPU.Build.0 = Debug|Any CPU
		{054F7CB1-05A9-D89F-46D4-3FD428208C29}.Debug|x64.ActiveCfg = Debug|Any CPU
		{054F7CB1-05A9-D89F-46D4-3FD428208C29}.Debug|x64.Build.0 = Debug|Any CPU
		{054F7CB1-05A9-D89F-46D4-3FD428208C29}.Debug|x86.ActiveCfg = Debug|Any CPU
		{054F7CB1-05A9-D89F-46D4-3FD428208C29}.Debug|x86.Build.0 = Debug|Any CPU
		{054F7CB1-05A9-D89F-46D4-3FD428208C29}.Release|Any CPU.ActiveCfg = Release|Any CPU
		{054F7CB1-05A9-D89F-46D4-3FD428208C29}.Release|Any CPU.Build.0 = Release|Any CPU
		{054F7CB1-05A9-D89F-46D4-3FD428208C29}.Release|x64.ActiveCfg = Release|Any CPU
		{054F7CB1-05A9-D89F-46D4-3FD428208C29}.Release|x64.Build.0 = Release|Any CPU
		{054F7CB1-05A9-D89F-46D4-3FD428208C29}.Release|x86.ActiveCfg = Release|Any CPU
		{054F7CB1-05A9-D89F-46D4-3FD428208C29}.Release|x86.Build.0 = Release|Any CPU
		{73A37665-115A-6C9C-33EA-44C594002D0C}.Debug|Any CPU.ActiveCfg = Debug|Any CPU
		{73A37665-115A-6C9C-33EA-44C594002D0C}.Debug|Any CPU.Build.0 = Debug|Any CPU
		{73A37665-115A-6C9C-33EA-44C594002D0C}.Debug|x64.ActiveCfg = Debug|Any CPU
		{73A37665-115A-6C9C-33EA-44C594002D0C}.Debug|x64.Build.0 = Debug|Any CPU
		{73A37665-115A-6C9C-33EA-44C594002D0C}.Debug|x86.ActiveCfg = Debug|Any CPU
		{73A37665-115A-6C9C-33EA-44C594002D0C}.Debug|x86.Build.0 = Debug|Any CPU
		{73A37665-115A-6C9C-33EA-44C594002D0C}.Release|Any CPU.ActiveCfg = Release|Any CPU
		{73A37665-115A-6C9C-33EA-44C594002D0C}.Release|Any CPU.Build.0 = Release|Any CPU
		{73A37665-115A-6C9C-33EA-44C594002D0C}.Release|x64.ActiveCfg = Release|Any CPU
		{73A37665-115A-6C9C-33EA-44C594002D0C}.Release|x64.Build.0 = Release|Any CPU
		{73A37665-115A-6C9C-33EA-44C594002D0C}.Release|x86.ActiveCfg = Release|Any CPU
		{73A37665-115A-6C9C-33EA-44C594002D0C}.Release|x86.Build.0 = Release|Any CPU
		{F3F3CC22-FFE6-4080-BD64-43905DC5A1EB}.Debug|Any CPU.ActiveCfg = Debug|Any CPU
		{F3F3CC22-FFE6-4080-BD64-43905DC5A1EB}.Debug|Any CPU.Build.0 = Debug|Any CPU
		{F3F3CC22-FFE6-4080-BD64-43905DC5A1EB}.Debug|x64.ActiveCfg = Debug|Any CPU
		{F3F3CC22-FFE6-4080-BD64-43905DC5A1EB}.Debug|x64.Build.0 = Debug|Any CPU
		{F3F3CC22-FFE6-4080-BD64-43905DC5A1EB}.Debug|x86.ActiveCfg = Debug|Any CPU
		{F3F3CC22-FFE6-4080-BD64-43905DC5A1EB}.Debug|x86.Build.0 = Debug|Any CPU
		{F3F3CC22-FFE6-4080-BD64-43905DC5A1EB}.Release|Any CPU.ActiveCfg = Release|Any CPU
		{F3F3CC22-FFE6-4080-BD64-43905DC5A1EB}.Release|Any CPU.Build.0 = Release|Any CPU
		{F3F3CC22-FFE6-4080-BD64-43905DC5A1EB}.Release|x64.ActiveCfg = Release|Any CPU
		{F3F3CC22-FFE6-4080-BD64-43905DC5A1EB}.Release|x64.Build.0 = Release|Any CPU
		{F3F3CC22-FFE6-4080-BD64-43905DC5A1EB}.Release|x86.ActiveCfg = Release|Any CPU
		{F3F3CC22-FFE6-4080-BD64-43905DC5A1EB}.Release|x86.Build.0 = Release|Any CPU
		{8786D352-E7A2-470D-A090-E1D541352C44}.Debug|Any CPU.ActiveCfg = Debug|Any CPU
		{8786D352-E7A2-470D-A090-E1D541352C44}.Debug|Any CPU.Build.0 = Debug|Any CPU
		{8786D352-E7A2-470D-A090-E1D541352C44}.Debug|x64.ActiveCfg = Debug|Any CPU
		{8786D352-E7A2-470D-A090-E1D541352C44}.Debug|x64.Build.0 = Debug|Any CPU
		{8786D352-E7A2-470D-A090-E1D541352C44}.Debug|x86.ActiveCfg = Debug|Any CPU
		{8786D352-E7A2-470D-A090-E1D541352C44}.Debug|x86.Build.0 = Debug|Any CPU
		{8786D352-E7A2-470D-A090-E1D541352C44}.Release|Any CPU.ActiveCfg = Release|Any CPU
		{8786D352-E7A2-470D-A090-E1D541352C44}.Release|Any CPU.Build.0 = Release|Any CPU
		{8786D352-E7A2-470D-A090-E1D541352C44}.Release|x64.ActiveCfg = Release|Any CPU
		{8786D352-E7A2-470D-A090-E1D541352C44}.Release|x64.Build.0 = Release|Any CPU
		{8786D352-E7A2-470D-A090-E1D541352C44}.Release|x86.ActiveCfg = Release|Any CPU
		{8786D352-E7A2-470D-A090-E1D541352C44}.Release|x86.Build.0 = Release|Any CPU
		{A1470F5F-67B2-4C08-9EAF-484E548DC24F}.Debug|Any CPU.ActiveCfg = Debug|Any CPU
		{A1470F5F-67B2-4C08-9EAF-484E548DC24F}.Debug|Any CPU.Build.0 = Debug|Any CPU
		{A1470F5F-67B2-4C08-9EAF-484E548DC24F}.Debug|x64.ActiveCfg = Debug|Any CPU
		{A1470F5F-67B2-4C08-9EAF-484E548DC24F}.Debug|x64.Build.0 = Debug|Any CPU
		{A1470F5F-67B2-4C08-9EAF-484E548DC24F}.Debug|x86.ActiveCfg = Debug|Any CPU
		{A1470F5F-67B2-4C08-9EAF-484E548DC24F}.Debug|x86.Build.0 = Debug|Any CPU
		{A1470F5F-67B2-4C08-9EAF-484E548DC24F}.Release|Any CPU.ActiveCfg = Release|Any CPU
		{A1470F5F-67B2-4C08-9EAF-484E548DC24F}.Release|Any CPU.Build.0 = Release|Any CPU
		{A1470F5F-67B2-4C08-9EAF-484E548DC24F}.Release|x64.ActiveCfg = Release|Any CPU
		{A1470F5F-67B2-4C08-9EAF-484E548DC24F}.Release|x64.Build.0 = Release|Any CPU
		{A1470F5F-67B2-4C08-9EAF-484E548DC24F}.Release|x86.ActiveCfg = Release|Any CPU
		{A1470F5F-67B2-4C08-9EAF-484E548DC24F}.Release|x86.Build.0 = Release|Any CPU
		{21868354-8974-4777-B9CB-AA334FAF2EF9}.Debug|Any CPU.ActiveCfg = Debug|Any CPU
		{21868354-8974-4777-B9CB-AA334FAF2EF9}.Debug|Any CPU.Build.0 = Debug|Any CPU
		{21868354-8974-4777-B9CB-AA334FAF2EF9}.Debug|x64.ActiveCfg = Debug|Any CPU
		{21868354-8974-4777-B9CB-AA334FAF2EF9}.Debug|x64.Build.0 = Debug|Any CPU
		{21868354-8974-4777-B9CB-AA334FAF2EF9}.Debug|x86.ActiveCfg = Debug|Any CPU
		{21868354-8974-4777-B9CB-AA334FAF2EF9}.Debug|x86.Build.0 = Debug|Any CPU
		{21868354-8974-4777-B9CB-AA334FAF2EF9}.Release|Any CPU.ActiveCfg = Release|Any CPU
		{21868354-8974-4777-B9CB-AA334FAF2EF9}.Release|Any CPU.Build.0 = Release|Any CPU
		{21868354-8974-4777-B9CB-AA334FAF2EF9}.Release|x64.ActiveCfg = Release|Any CPU
		{21868354-8974-4777-B9CB-AA334FAF2EF9}.Release|x64.Build.0 = Release|Any CPU
		{21868354-8974-4777-B9CB-AA334FAF2EF9}.Release|x86.ActiveCfg = Release|Any CPU
		{21868354-8974-4777-B9CB-AA334FAF2EF9}.Release|x86.Build.0 = Release|Any CPU
		{2CF2C16F-B27E-4C81-B0E2-DF706DD35314}.Debug|Any CPU.ActiveCfg = Debug|Any CPU
		{2CF2C16F-B27E-4C81-B0E2-DF706DD35314}.Debug|Any CPU.Build.0 = Debug|Any CPU
		{2CF2C16F-B27E-4C81-B0E2-DF706DD35314}.Debug|x64.ActiveCfg = Debug|Any CPU
		{2CF2C16F-B27E-4C81-B0E2-DF706DD35314}.Debug|x64.Build.0 = Debug|Any CPU
		{2CF2C16F-B27E-4C81-B0E2-DF706DD35314}.Debug|x86.ActiveCfg = Debug|Any CPU
		{2CF2C16F-B27E-4C81-B0E2-DF706DD35314}.Debug|x86.Build.0 = Debug|Any CPU
		{2CF2C16F-B27E-4C81-B0E2-DF706DD35314}.Release|Any CPU.ActiveCfg = Release|Any CPU
		{2CF2C16F-B27E-4C81-B0E2-DF706DD35314}.Release|Any CPU.Build.0 = Release|Any CPU
		{2CF2C16F-B27E-4C81-B0E2-DF706DD35314}.Release|x64.ActiveCfg = Release|Any CPU
		{2CF2C16F-B27E-4C81-B0E2-DF706DD35314}.Release|x64.Build.0 = Release|Any CPU
		{2CF2C16F-B27E-4C81-B0E2-DF706DD35314}.Release|x86.ActiveCfg = Release|Any CPU
		{2CF2C16F-B27E-4C81-B0E2-DF706DD35314}.Release|x86.Build.0 = Release|Any CPU
		{21200B42-44FC-4E10-A8BF-925DD14E4A3D}.Debug|Any CPU.ActiveCfg = Debug|Any CPU
		{21200B42-44FC-4E10-A8BF-925DD14E4A3D}.Debug|Any CPU.Build.0 = Debug|Any CPU
		{21200B42-44FC-4E10-A8BF-925DD14E4A3D}.Debug|x64.ActiveCfg = Debug|Any CPU
		{21200B42-44FC-4E10-A8BF-925DD14E4A3D}.Debug|x64.Build.0 = Debug|Any CPU
		{21200B42-44FC-4E10-A8BF-925DD14E4A3D}.Debug|x86.ActiveCfg = Debug|Any CPU
		{21200B42-44FC-4E10-A8BF-925DD14E4A3D}.Debug|x86.Build.0 = Debug|Any CPU
		{21200B42-44FC-4E10-A8BF-925DD14E4A3D}.Release|Any CPU.ActiveCfg = Release|Any CPU
		{21200B42-44FC-4E10-A8BF-925DD14E4A3D}.Release|Any CPU.Build.0 = Release|Any CPU
		{21200B42-44FC-4E10-A8BF-925DD14E4A3D}.Release|x64.ActiveCfg = Release|Any CPU
		{21200B42-44FC-4E10-A8BF-925DD14E4A3D}.Release|x64.Build.0 = Release|Any CPU
		{21200B42-44FC-4E10-A8BF-925DD14E4A3D}.Release|x86.ActiveCfg = Release|Any CPU
		{21200B42-44FC-4E10-A8BF-925DD14E4A3D}.Release|x86.Build.0 = Release|Any CPU
		{8EEB5B9B-4B63-4890-8DB6-26B02F41919C}.Debug|Any CPU.ActiveCfg = Debug|Any CPU
		{8EEB5B9B-4B63-4890-8DB6-26B02F41919C}.Debug|Any CPU.Build.0 = Debug|Any CPU
		{8EEB5B9B-4B63-4890-8DB6-26B02F41919C}.Debug|x64.ActiveCfg = Debug|Any CPU
		{8EEB5B9B-4B63-4890-8DB6-26B02F41919C}.Debug|x64.Build.0 = Debug|Any CPU
		{8EEB5B9B-4B63-4890-8DB6-26B02F41919C}.Debug|x86.ActiveCfg = Debug|Any CPU
		{8EEB5B9B-4B63-4890-8DB6-26B02F41919C}.Debug|x86.Build.0 = Debug|Any CPU
		{8EEB5B9B-4B63-4890-8DB6-26B02F41919C}.Release|Any CPU.ActiveCfg = Release|Any CPU
		{8EEB5B9B-4B63-4890-8DB6-26B02F41919C}.Release|Any CPU.Build.0 = Release|Any CPU
		{8EEB5B9B-4B63-4890-8DB6-26B02F41919C}.Release|x64.ActiveCfg = Release|Any CPU
		{8EEB5B9B-4B63-4890-8DB6-26B02F41919C}.Release|x64.Build.0 = Release|Any CPU
		{8EEB5B9B-4B63-4890-8DB6-26B02F41919C}.Release|x86.ActiveCfg = Release|Any CPU
		{8EEB5B9B-4B63-4890-8DB6-26B02F41919C}.Release|x86.Build.0 = Release|Any CPU
		{DDC0A4C3-B8FB-408C-8743-3F79303CA709}.Debug|Any CPU.ActiveCfg = Debug|Any CPU
		{DDC0A4C3-B8FB-408C-8743-3F79303CA709}.Debug|Any CPU.Build.0 = Debug|Any CPU
		{DDC0A4C3-B8FB-408C-8743-3F79303CA709}.Debug|x64.ActiveCfg = Debug|Any CPU
		{DDC0A4C3-B8FB-408C-8743-3F79303CA709}.Debug|x64.Build.0 = Debug|Any CPU
		{DDC0A4C3-B8FB-408C-8743-3F79303CA709}.Debug|x86.ActiveCfg = Debug|Any CPU
		{DDC0A4C3-B8FB-408C-8743-3F79303CA709}.Debug|x86.Build.0 = Debug|Any CPU
		{DDC0A4C3-B8FB-408C-8743-3F79303CA709}.Release|Any CPU.ActiveCfg = Release|Any CPU
		{DDC0A4C3-B8FB-408C-8743-3F79303CA709}.Release|Any CPU.Build.0 = Release|Any CPU
		{DDC0A4C3-B8FB-408C-8743-3F79303CA709}.Release|x64.ActiveCfg = Release|Any CPU
		{DDC0A4C3-B8FB-408C-8743-3F79303CA709}.Release|x64.Build.0 = Release|Any CPU
		{DDC0A4C3-B8FB-408C-8743-3F79303CA709}.Release|x86.ActiveCfg = Release|Any CPU
		{DDC0A4C3-B8FB-408C-8743-3F79303CA709}.Release|x86.Build.0 = Release|Any CPU
		{F75AB3F5-DE21-45D1-810A-1B13E95A6932}.Debug|Any CPU.ActiveCfg = Debug|Any CPU
		{F75AB3F5-DE21-45D1-810A-1B13E95A6932}.Debug|Any CPU.Build.0 = Debug|Any CPU
		{F75AB3F5-DE21-45D1-810A-1B13E95A6932}.Debug|x64.ActiveCfg = Debug|Any CPU
		{F75AB3F5-DE21-45D1-810A-1B13E95A6932}.Debug|x64.Build.0 = Debug|Any CPU
		{F75AB3F5-DE21-45D1-810A-1B13E95A6932}.Debug|x86.ActiveCfg = Debug|Any CPU
		{F75AB3F5-DE21-45D1-810A-1B13E95A6932}.Debug|x86.Build.0 = Debug|Any CPU
		{F75AB3F5-DE21-45D1-810A-1B13E95A6932}.Release|Any CPU.ActiveCfg = Release|Any CPU
		{F75AB3F5-DE21-45D1-810A-1B13E95A6932}.Release|Any CPU.Build.0 = Release|Any CPU
		{F75AB3F5-DE21-45D1-810A-1B13E95A6932}.Release|x64.ActiveCfg = Release|Any CPU
		{F75AB3F5-DE21-45D1-810A-1B13E95A6932}.Release|x64.Build.0 = Release|Any CPU
		{F75AB3F5-DE21-45D1-810A-1B13E95A6932}.Release|x86.ActiveCfg = Release|Any CPU
		{F75AB3F5-DE21-45D1-810A-1B13E95A6932}.Release|x86.Build.0 = Release|Any CPU
		{2EE6CBC6-FC4A-4AEE-9DE2-DD65460CD66B}.Debug|Any CPU.ActiveCfg = Debug|Any CPU
		{2EE6CBC6-FC4A-4AEE-9DE2-DD65460CD66B}.Debug|Any CPU.Build.0 = Debug|Any CPU
		{2EE6CBC6-FC4A-4AEE-9DE2-DD65460CD66B}.Debug|x64.ActiveCfg = Debug|Any CPU
		{2EE6CBC6-FC4A-4AEE-9DE2-DD65460CD66B}.Debug|x64.Build.0 = Debug|Any CPU
		{2EE6CBC6-FC4A-4AEE-9DE2-DD65460CD66B}.Debug|x86.ActiveCfg = Debug|Any CPU
		{2EE6CBC6-FC4A-4AEE-9DE2-DD65460CD66B}.Debug|x86.Build.0 = Debug|Any CPU
		{2EE6CBC6-FC4A-4AEE-9DE2-DD65460CD66B}.Release|Any CPU.ActiveCfg = Release|Any CPU
		{2EE6CBC6-FC4A-4AEE-9DE2-DD65460CD66B}.Release|Any CPU.Build.0 = Release|Any CPU
		{2EE6CBC6-FC4A-4AEE-9DE2-DD65460CD66B}.Release|x64.ActiveCfg = Release|Any CPU
		{2EE6CBC6-FC4A-4AEE-9DE2-DD65460CD66B}.Release|x64.Build.0 = Release|Any CPU
		{2EE6CBC6-FC4A-4AEE-9DE2-DD65460CD66B}.Release|x86.ActiveCfg = Release|Any CPU
		{2EE6CBC6-FC4A-4AEE-9DE2-DD65460CD66B}.Release|x86.Build.0 = Release|Any CPU
		{BAD3FEB2-F8A2-4C61-BAD0-BE99F13C5F73}.Debug|Any CPU.ActiveCfg = Debug|Any CPU
		{BAD3FEB2-F8A2-4C61-BAD0-BE99F13C5F73}.Debug|Any CPU.Build.0 = Debug|Any CPU
		{BAD3FEB2-F8A2-4C61-BAD0-BE99F13C5F73}.Debug|x64.ActiveCfg = Debug|Any CPU
		{BAD3FEB2-F8A2-4C61-BAD0-BE99F13C5F73}.Debug|x64.Build.0 = Debug|Any CPU
		{BAD3FEB2-F8A2-4C61-BAD0-BE99F13C5F73}.Debug|x86.ActiveCfg = Debug|Any CPU
		{BAD3FEB2-F8A2-4C61-BAD0-BE99F13C5F73}.Debug|x86.Build.0 = Debug|Any CPU
		{BAD3FEB2-F8A2-4C61-BAD0-BE99F13C5F73}.Release|Any CPU.ActiveCfg = Release|Any CPU
		{BAD3FEB2-F8A2-4C61-BAD0-BE99F13C5F73}.Release|Any CPU.Build.0 = Release|Any CPU
		{BAD3FEB2-F8A2-4C61-BAD0-BE99F13C5F73}.Release|x64.ActiveCfg = Release|Any CPU
		{BAD3FEB2-F8A2-4C61-BAD0-BE99F13C5F73}.Release|x64.Build.0 = Release|Any CPU
		{BAD3FEB2-F8A2-4C61-BAD0-BE99F13C5F73}.Release|x86.ActiveCfg = Release|Any CPU
		{BAD3FEB2-F8A2-4C61-BAD0-BE99F13C5F73}.Release|x86.Build.0 = Release|Any CPU
		{83FAF75F-AC15-4F23-ACC3-CFECE38C23DA}.Debug|Any CPU.ActiveCfg = Debug|Any CPU
		{83FAF75F-AC15-4F23-ACC3-CFECE38C23DA}.Debug|Any CPU.Build.0 = Debug|Any CPU
		{83FAF75F-AC15-4F23-ACC3-CFECE38C23DA}.Debug|x64.ActiveCfg = Debug|Any CPU
		{83FAF75F-AC15-4F23-ACC3-CFECE38C23DA}.Debug|x64.Build.0 = Debug|Any CPU
		{83FAF75F-AC15-4F23-ACC3-CFECE38C23DA}.Debug|x86.ActiveCfg = Debug|Any CPU
		{83FAF75F-AC15-4F23-ACC3-CFECE38C23DA}.Debug|x86.Build.0 = Debug|Any CPU
		{83FAF75F-AC15-4F23-ACC3-CFECE38C23DA}.Release|Any CPU.ActiveCfg = Release|Any CPU
		{83FAF75F-AC15-4F23-ACC3-CFECE38C23DA}.Release|Any CPU.Build.0 = Release|Any CPU
		{83FAF75F-AC15-4F23-ACC3-CFECE38C23DA}.Release|x64.ActiveCfg = Release|Any CPU
		{83FAF75F-AC15-4F23-ACC3-CFECE38C23DA}.Release|x64.Build.0 = Release|Any CPU
		{83FAF75F-AC15-4F23-ACC3-CFECE38C23DA}.Release|x86.ActiveCfg = Release|Any CPU
		{83FAF75F-AC15-4F23-ACC3-CFECE38C23DA}.Release|x86.Build.0 = Release|Any CPU
		{817C9FE0-C028-4001-B6E5-E9B7B5A640D2}.Debug|Any CPU.ActiveCfg = Debug|Any CPU
		{817C9FE0-C028-4001-B6E5-E9B7B5A640D2}.Debug|Any CPU.Build.0 = Debug|Any CPU
		{817C9FE0-C028-4001-B6E5-E9B7B5A640D2}.Debug|x64.ActiveCfg = Debug|Any CPU
		{817C9FE0-C028-4001-B6E5-E9B7B5A640D2}.Debug|x64.Build.0 = Debug|Any CPU
		{817C9FE0-C028-4001-B6E5-E9B7B5A640D2}.Debug|x86.ActiveCfg = Debug|Any CPU
		{817C9FE0-C028-4001-B6E5-E9B7B5A640D2}.Debug|x86.Build.0 = Debug|Any CPU
		{817C9FE0-C028-4001-B6E5-E9B7B5A640D2}.Release|Any CPU.ActiveCfg = Release|Any CPU
		{817C9FE0-C028-4001-B6E5-E9B7B5A640D2}.Release|Any CPU.Build.0 = Release|Any CPU
		{817C9FE0-C028-4001-B6E5-E9B7B5A640D2}.Release|x64.ActiveCfg = Release|Any CPU
		{817C9FE0-C028-4001-B6E5-E9B7B5A640D2}.Release|x64.Build.0 = Release|Any CPU
		{817C9FE0-C028-4001-B6E5-E9B7B5A640D2}.Release|x86.ActiveCfg = Release|Any CPU
		{817C9FE0-C028-4001-B6E5-E9B7B5A640D2}.Release|x86.Build.0 = Release|Any CPU
		{26BB1807-5238-4DF4-95BB-41D2861A06CE}.Debug|Any CPU.ActiveCfg = Debug|Any CPU
		{26BB1807-5238-4DF4-95BB-41D2861A06CE}.Debug|Any CPU.Build.0 = Debug|Any CPU
		{26BB1807-5238-4DF4-95BB-41D2861A06CE}.Debug|x64.ActiveCfg = Debug|Any CPU
		{26BB1807-5238-4DF4-95BB-41D2861A06CE}.Debug|x64.Build.0 = Debug|Any CPU
		{26BB1807-5238-4DF4-95BB-41D2861A06CE}.Debug|x86.ActiveCfg = Debug|Any CPU
		{26BB1807-5238-4DF4-95BB-41D2861A06CE}.Debug|x86.Build.0 = Debug|Any CPU
		{26BB1807-5238-4DF4-95BB-41D2861A06CE}.Release|Any CPU.ActiveCfg = Release|Any CPU
		{26BB1807-5238-4DF4-95BB-41D2861A06CE}.Release|Any CPU.Build.0 = Release|Any CPU
		{26BB1807-5238-4DF4-95BB-41D2861A06CE}.Release|x64.ActiveCfg = Release|Any CPU
		{26BB1807-5238-4DF4-95BB-41D2861A06CE}.Release|x64.Build.0 = Release|Any CPU
		{26BB1807-5238-4DF4-95BB-41D2861A06CE}.Release|x86.ActiveCfg = Release|Any CPU
		{26BB1807-5238-4DF4-95BB-41D2861A06CE}.Release|x86.Build.0 = Release|Any CPU
		{70A4C7AE-EB71-4A9D-9A60-818CA3C5A212}.Debug|Any CPU.ActiveCfg = Debug|Any CPU
		{70A4C7AE-EB71-4A9D-9A60-818CA3C5A212}.Debug|Any CPU.Build.0 = Debug|Any CPU
		{70A4C7AE-EB71-4A9D-9A60-818CA3C5A212}.Debug|x64.ActiveCfg = Debug|Any CPU
		{70A4C7AE-EB71-4A9D-9A60-818CA3C5A212}.Debug|x64.Build.0 = Debug|Any CPU
		{70A4C7AE-EB71-4A9D-9A60-818CA3C5A212}.Debug|x86.ActiveCfg = Debug|Any CPU
		{70A4C7AE-EB71-4A9D-9A60-818CA3C5A212}.Debug|x86.Build.0 = Debug|Any CPU
		{70A4C7AE-EB71-4A9D-9A60-818CA3C5A212}.Release|Any CPU.ActiveCfg = Release|Any CPU
		{70A4C7AE-EB71-4A9D-9A60-818CA3C5A212}.Release|Any CPU.Build.0 = Release|Any CPU
		{70A4C7AE-EB71-4A9D-9A60-818CA3C5A212}.Release|x64.ActiveCfg = Release|Any CPU
		{70A4C7AE-EB71-4A9D-9A60-818CA3C5A212}.Release|x64.Build.0 = Release|Any CPU
		{70A4C7AE-EB71-4A9D-9A60-818CA3C5A212}.Release|x86.ActiveCfg = Release|Any CPU
		{70A4C7AE-EB71-4A9D-9A60-818CA3C5A212}.Release|x86.Build.0 = Release|Any CPU
		{734A7F57-EEAC-4423-9253-4BBE364EED08}.Debug|Any CPU.ActiveCfg = Debug|Any CPU
		{734A7F57-EEAC-4423-9253-4BBE364EED08}.Debug|Any CPU.Build.0 = Debug|Any CPU
		{734A7F57-EEAC-4423-9253-4BBE364EED08}.Debug|x64.ActiveCfg = Debug|Any CPU
		{734A7F57-EEAC-4423-9253-4BBE364EED08}.Debug|x64.Build.0 = Debug|Any CPU
		{734A7F57-EEAC-4423-9253-4BBE364EED08}.Debug|x86.ActiveCfg = Debug|Any CPU
		{734A7F57-EEAC-4423-9253-4BBE364EED08}.Debug|x86.Build.0 = Debug|Any CPU
		{734A7F57-EEAC-4423-9253-4BBE364EED08}.Release|Any CPU.ActiveCfg = Release|Any CPU
		{734A7F57-EEAC-4423-9253-4BBE364EED08}.Release|Any CPU.Build.0 = Release|Any CPU
		{734A7F57-EEAC-4423-9253-4BBE364EED08}.Release|x64.ActiveCfg = Release|Any CPU
		{734A7F57-EEAC-4423-9253-4BBE364EED08}.Release|x64.Build.0 = Release|Any CPU
		{734A7F57-EEAC-4423-9253-4BBE364EED08}.Release|x86.ActiveCfg = Release|Any CPU
		{734A7F57-EEAC-4423-9253-4BBE364EED08}.Release|x86.Build.0 = Release|Any CPU
		{19B1E644-6DC8-49B2-9C1F-A774CA5DD6BF}.Debug|Any CPU.ActiveCfg = Debug|Any CPU
		{19B1E644-6DC8-49B2-9C1F-A774CA5DD6BF}.Debug|Any CPU.Build.0 = Debug|Any CPU
		{19B1E644-6DC8-49B2-9C1F-A774CA5DD6BF}.Debug|x64.ActiveCfg = Debug|Any CPU
		{19B1E644-6DC8-49B2-9C1F-A774CA5DD6BF}.Debug|x64.Build.0 = Debug|Any CPU
		{19B1E644-6DC8-49B2-9C1F-A774CA5DD6BF}.Debug|x86.ActiveCfg = Debug|Any CPU
		{19B1E644-6DC8-49B2-9C1F-A774CA5DD6BF}.Debug|x86.Build.0 = Debug|Any CPU
		{19B1E644-6DC8-49B2-9C1F-A774CA5DD6BF}.Release|Any CPU.ActiveCfg = Release|Any CPU
		{19B1E644-6DC8-49B2-9C1F-A774CA5DD6BF}.Release|Any CPU.Build.0 = Release|Any CPU
		{19B1E644-6DC8-49B2-9C1F-A774CA5DD6BF}.Release|x64.ActiveCfg = Release|Any CPU
		{19B1E644-6DC8-49B2-9C1F-A774CA5DD6BF}.Release|x64.Build.0 = Release|Any CPU
		{19B1E644-6DC8-49B2-9C1F-A774CA5DD6BF}.Release|x86.ActiveCfg = Release|Any CPU
		{19B1E644-6DC8-49B2-9C1F-A774CA5DD6BF}.Release|x86.Build.0 = Release|Any CPU
		{A6E792B4-0C7E-48C4-B2AC-C7757F6BD9D9}.Debug|Any CPU.ActiveCfg = Debug|Any CPU
		{A6E792B4-0C7E-48C4-B2AC-C7757F6BD9D9}.Debug|Any CPU.Build.0 = Debug|Any CPU
		{A6E792B4-0C7E-48C4-B2AC-C7757F6BD9D9}.Debug|x64.ActiveCfg = Debug|Any CPU
		{A6E792B4-0C7E-48C4-B2AC-C7757F6BD9D9}.Debug|x64.Build.0 = Debug|Any CPU
		{A6E792B4-0C7E-48C4-B2AC-C7757F6BD9D9}.Debug|x86.ActiveCfg = Debug|Any CPU
		{A6E792B4-0C7E-48C4-B2AC-C7757F6BD9D9}.Debug|x86.Build.0 = Debug|Any CPU
		{A6E792B4-0C7E-48C4-B2AC-C7757F6BD9D9}.Release|Any CPU.ActiveCfg = Release|Any CPU
		{A6E792B4-0C7E-48C4-B2AC-C7757F6BD9D9}.Release|Any CPU.Build.0 = Release|Any CPU
		{A6E792B4-0C7E-48C4-B2AC-C7757F6BD9D9}.Release|x64.ActiveCfg = Release|Any CPU
		{A6E792B4-0C7E-48C4-B2AC-C7757F6BD9D9}.Release|x64.Build.0 = Release|Any CPU
		{A6E792B4-0C7E-48C4-B2AC-C7757F6BD9D9}.Release|x86.ActiveCfg = Release|Any CPU
		{A6E792B4-0C7E-48C4-B2AC-C7757F6BD9D9}.Release|x86.Build.0 = Release|Any CPU
		{1E06659A-D6BE-4302-8EA6-23C339A66482}.Debug|Any CPU.ActiveCfg = Debug|Any CPU
		{1E06659A-D6BE-4302-8EA6-23C339A66482}.Debug|Any CPU.Build.0 = Debug|Any CPU
		{1E06659A-D6BE-4302-8EA6-23C339A66482}.Debug|x64.ActiveCfg = Debug|Any CPU
		{1E06659A-D6BE-4302-8EA6-23C339A66482}.Debug|x64.Build.0 = Debug|Any CPU
		{1E06659A-D6BE-4302-8EA6-23C339A66482}.Debug|x86.ActiveCfg = Debug|Any CPU
		{1E06659A-D6BE-4302-8EA6-23C339A66482}.Debug|x86.Build.0 = Debug|Any CPU
		{1E06659A-D6BE-4302-8EA6-23C339A66482}.Release|Any CPU.ActiveCfg = Release|Any CPU
		{1E06659A-D6BE-4302-8EA6-23C339A66482}.Release|Any CPU.Build.0 = Release|Any CPU
		{1E06659A-D6BE-4302-8EA6-23C339A66482}.Release|x64.ActiveCfg = Release|Any CPU
		{1E06659A-D6BE-4302-8EA6-23C339A66482}.Release|x64.Build.0 = Release|Any CPU
		{1E06659A-D6BE-4302-8EA6-23C339A66482}.Release|x86.ActiveCfg = Release|Any CPU
		{1E06659A-D6BE-4302-8EA6-23C339A66482}.Release|x86.Build.0 = Release|Any CPU
		{0C95F795-0060-409A-B822-1151715F67F6}.Debug|Any CPU.ActiveCfg = Debug|Any CPU
		{0C95F795-0060-409A-B822-1151715F67F6}.Debug|Any CPU.Build.0 = Debug|Any CPU
		{0C95F795-0060-409A-B822-1151715F67F6}.Debug|x64.ActiveCfg = Debug|Any CPU
		{0C95F795-0060-409A-B822-1151715F67F6}.Debug|x64.Build.0 = Debug|Any CPU
		{0C95F795-0060-409A-B822-1151715F67F6}.Debug|x86.ActiveCfg = Debug|Any CPU
		{0C95F795-0060-409A-B822-1151715F67F6}.Debug|x86.Build.0 = Debug|Any CPU
		{0C95F795-0060-409A-B822-1151715F67F6}.Release|Any CPU.ActiveCfg = Release|Any CPU
		{0C95F795-0060-409A-B822-1151715F67F6}.Release|Any CPU.Build.0 = Release|Any CPU
		{0C95F795-0060-409A-B822-1151715F67F6}.Release|x64.ActiveCfg = Release|Any CPU
		{0C95F795-0060-409A-B822-1151715F67F6}.Release|x64.Build.0 = Release|Any CPU
		{0C95F795-0060-409A-B822-1151715F67F6}.Release|x86.ActiveCfg = Release|Any CPU
		{0C95F795-0060-409A-B822-1151715F67F6}.Release|x86.Build.0 = Release|Any CPU
		{65B5604E-0087-405C-ABB5-4F5224B201C4}.Debug|Any CPU.ActiveCfg = Debug|Any CPU
		{65B5604E-0087-405C-ABB5-4F5224B201C4}.Debug|Any CPU.Build.0 = Debug|Any CPU
		{65B5604E-0087-405C-ABB5-4F5224B201C4}.Debug|x64.ActiveCfg = Debug|Any CPU
		{65B5604E-0087-405C-ABB5-4F5224B201C4}.Debug|x64.Build.0 = Debug|Any CPU
		{65B5604E-0087-405C-ABB5-4F5224B201C4}.Debug|x86.ActiveCfg = Debug|Any CPU
		{65B5604E-0087-405C-ABB5-4F5224B201C4}.Debug|x86.Build.0 = Debug|Any CPU
		{65B5604E-0087-405C-ABB5-4F5224B201C4}.Release|Any CPU.ActiveCfg = Release|Any CPU
		{65B5604E-0087-405C-ABB5-4F5224B201C4}.Release|Any CPU.Build.0 = Release|Any CPU
		{65B5604E-0087-405C-ABB5-4F5224B201C4}.Release|x64.ActiveCfg = Release|Any CPU
		{65B5604E-0087-405C-ABB5-4F5224B201C4}.Release|x64.Build.0 = Release|Any CPU
		{65B5604E-0087-405C-ABB5-4F5224B201C4}.Release|x86.ActiveCfg = Release|Any CPU
		{65B5604E-0087-405C-ABB5-4F5224B201C4}.Release|x86.Build.0 = Release|Any CPU
		{BCBC5042-4E0A-40CC-8249-FA38D5DE89D1}.Debug|Any CPU.ActiveCfg = Debug|Any CPU
		{BCBC5042-4E0A-40CC-8249-FA38D5DE89D1}.Debug|Any CPU.Build.0 = Debug|Any CPU
		{BCBC5042-4E0A-40CC-8249-FA38D5DE89D1}.Debug|x64.ActiveCfg = Debug|Any CPU
		{BCBC5042-4E0A-40CC-8249-FA38D5DE89D1}.Debug|x64.Build.0 = Debug|Any CPU
		{BCBC5042-4E0A-40CC-8249-FA38D5DE89D1}.Debug|x86.ActiveCfg = Debug|Any CPU
		{BCBC5042-4E0A-40CC-8249-FA38D5DE89D1}.Debug|x86.Build.0 = Debug|Any CPU
		{BCBC5042-4E0A-40CC-8249-FA38D5DE89D1}.Release|Any CPU.ActiveCfg = Release|Any CPU
		{BCBC5042-4E0A-40CC-8249-FA38D5DE89D1}.Release|Any CPU.Build.0 = Release|Any CPU
		{BCBC5042-4E0A-40CC-8249-FA38D5DE89D1}.Release|x64.ActiveCfg = Release|Any CPU
		{BCBC5042-4E0A-40CC-8249-FA38D5DE89D1}.Release|x64.Build.0 = Release|Any CPU
		{BCBC5042-4E0A-40CC-8249-FA38D5DE89D1}.Release|x86.ActiveCfg = Release|Any CPU
		{BCBC5042-4E0A-40CC-8249-FA38D5DE89D1}.Release|x86.Build.0 = Release|Any CPU
		{7D019B1A-4E7C-4CB9-B3EB-F2CA72DF7A75}.Debug|Any CPU.ActiveCfg = Debug|Any CPU
		{7D019B1A-4E7C-4CB9-B3EB-F2CA72DF7A75}.Debug|Any CPU.Build.0 = Debug|Any CPU
		{7D019B1A-4E7C-4CB9-B3EB-F2CA72DF7A75}.Debug|x64.ActiveCfg = Debug|Any CPU
		{7D019B1A-4E7C-4CB9-B3EB-F2CA72DF7A75}.Debug|x64.Build.0 = Debug|Any CPU
		{7D019B1A-4E7C-4CB9-B3EB-F2CA72DF7A75}.Debug|x86.ActiveCfg = Debug|Any CPU
		{7D019B1A-4E7C-4CB9-B3EB-F2CA72DF7A75}.Debug|x86.Build.0 = Debug|Any CPU
		{7D019B1A-4E7C-4CB9-B3EB-F2CA72DF7A75}.Release|Any CPU.ActiveCfg = Release|Any CPU
		{7D019B1A-4E7C-4CB9-B3EB-F2CA72DF7A75}.Release|Any CPU.Build.0 = Release|Any CPU
		{7D019B1A-4E7C-4CB9-B3EB-F2CA72DF7A75}.Release|x64.ActiveCfg = Release|Any CPU
		{7D019B1A-4E7C-4CB9-B3EB-F2CA72DF7A75}.Release|x64.Build.0 = Release|Any CPU
		{7D019B1A-4E7C-4CB9-B3EB-F2CA72DF7A75}.Release|x86.ActiveCfg = Release|Any CPU
		{7D019B1A-4E7C-4CB9-B3EB-F2CA72DF7A75}.Release|x86.Build.0 = Release|Any CPU
		{BBDA12CC-C186-4EF7-9452-0D19A001A26D}.Debug|Any CPU.ActiveCfg = Debug|Any CPU
		{BBDA12CC-C186-4EF7-9452-0D19A001A26D}.Debug|Any CPU.Build.0 = Debug|Any CPU
		{BBDA12CC-C186-4EF7-9452-0D19A001A26D}.Debug|x64.ActiveCfg = Debug|Any CPU
		{BBDA12CC-C186-4EF7-9452-0D19A001A26D}.Debug|x64.Build.0 = Debug|Any CPU
		{BBDA12CC-C186-4EF7-9452-0D19A001A26D}.Debug|x86.ActiveCfg = Debug|Any CPU
		{BBDA12CC-C186-4EF7-9452-0D19A001A26D}.Debug|x86.Build.0 = Debug|Any CPU
		{BBDA12CC-C186-4EF7-9452-0D19A001A26D}.Release|Any CPU.ActiveCfg = Release|Any CPU
		{BBDA12CC-C186-4EF7-9452-0D19A001A26D}.Release|Any CPU.Build.0 = Release|Any CPU
		{BBDA12CC-C186-4EF7-9452-0D19A001A26D}.Release|x64.ActiveCfg = Release|Any CPU
		{BBDA12CC-C186-4EF7-9452-0D19A001A26D}.Release|x64.Build.0 = Release|Any CPU
		{BBDA12CC-C186-4EF7-9452-0D19A001A26D}.Release|x86.ActiveCfg = Release|Any CPU
		{BBDA12CC-C186-4EF7-9452-0D19A001A26D}.Release|x86.Build.0 = Release|Any CPU
		{0AA2C3CC-B271-4AC6-A1D6-C6024D4F9E77}.Debug|Any CPU.ActiveCfg = Debug|Any CPU
		{0AA2C3CC-B271-4AC6-A1D6-C6024D4F9E77}.Debug|Any CPU.Build.0 = Debug|Any CPU
		{0AA2C3CC-B271-4AC6-A1D6-C6024D4F9E77}.Debug|x64.ActiveCfg = Debug|Any CPU
		{0AA2C3CC-B271-4AC6-A1D6-C6024D4F9E77}.Debug|x64.Build.0 = Debug|Any CPU
		{0AA2C3CC-B271-4AC6-A1D6-C6024D4F9E77}.Debug|x86.ActiveCfg = Debug|Any CPU
		{0AA2C3CC-B271-4AC6-A1D6-C6024D4F9E77}.Debug|x86.Build.0 = Debug|Any CPU
		{0AA2C3CC-B271-4AC6-A1D6-C6024D4F9E77}.Release|Any CPU.ActiveCfg = Release|Any CPU
		{0AA2C3CC-B271-4AC6-A1D6-C6024D4F9E77}.Release|Any CPU.Build.0 = Release|Any CPU
		{0AA2C3CC-B271-4AC6-A1D6-C6024D4F9E77}.Release|x64.ActiveCfg = Release|Any CPU
		{0AA2C3CC-B271-4AC6-A1D6-C6024D4F9E77}.Release|x64.Build.0 = Release|Any CPU
		{0AA2C3CC-B271-4AC6-A1D6-C6024D4F9E77}.Release|x86.ActiveCfg = Release|Any CPU
		{0AA2C3CC-B271-4AC6-A1D6-C6024D4F9E77}.Release|x86.Build.0 = Release|Any CPU
		{F4AFFF5A-0A95-4CB3-A668-0E1991E11773}.Debug|Any CPU.ActiveCfg = Debug|Any CPU
		{F4AFFF5A-0A95-4CB3-A668-0E1991E11773}.Debug|Any CPU.Build.0 = Debug|Any CPU
		{F4AFFF5A-0A95-4CB3-A668-0E1991E11773}.Debug|x64.ActiveCfg = Debug|Any CPU
		{F4AFFF5A-0A95-4CB3-A668-0E1991E11773}.Debug|x64.Build.0 = Debug|Any CPU
		{F4AFFF5A-0A95-4CB3-A668-0E1991E11773}.Debug|x86.ActiveCfg = Debug|Any CPU
		{F4AFFF5A-0A95-4CB3-A668-0E1991E11773}.Debug|x86.Build.0 = Debug|Any CPU
		{F4AFFF5A-0A95-4CB3-A668-0E1991E11773}.Release|Any CPU.ActiveCfg = Release|Any CPU
		{F4AFFF5A-0A95-4CB3-A668-0E1991E11773}.Release|Any CPU.Build.0 = Release|Any CPU
		{F4AFFF5A-0A95-4CB3-A668-0E1991E11773}.Release|x64.ActiveCfg = Release|Any CPU
		{F4AFFF5A-0A95-4CB3-A668-0E1991E11773}.Release|x64.Build.0 = Release|Any CPU
		{F4AFFF5A-0A95-4CB3-A668-0E1991E11773}.Release|x86.ActiveCfg = Release|Any CPU
		{F4AFFF5A-0A95-4CB3-A668-0E1991E11773}.Release|x86.Build.0 = Release|Any CPU
		{E327B3EC-7645-4093-B9D7-E0E31ABFCD1A}.Debug|Any CPU.ActiveCfg = Debug|Any CPU
		{E327B3EC-7645-4093-B9D7-E0E31ABFCD1A}.Debug|Any CPU.Build.0 = Debug|Any CPU
		{E327B3EC-7645-4093-B9D7-E0E31ABFCD1A}.Debug|x64.ActiveCfg = Debug|Any CPU
		{E327B3EC-7645-4093-B9D7-E0E31ABFCD1A}.Debug|x64.Build.0 = Debug|Any CPU
		{E327B3EC-7645-4093-B9D7-E0E31ABFCD1A}.Debug|x86.ActiveCfg = Debug|Any CPU
		{E327B3EC-7645-4093-B9D7-E0E31ABFCD1A}.Debug|x86.Build.0 = Debug|Any CPU
		{E327B3EC-7645-4093-B9D7-E0E31ABFCD1A}.Release|Any CPU.ActiveCfg = Release|Any CPU
		{E327B3EC-7645-4093-B9D7-E0E31ABFCD1A}.Release|Any CPU.Build.0 = Release|Any CPU
		{E327B3EC-7645-4093-B9D7-E0E31ABFCD1A}.Release|x64.ActiveCfg = Release|Any CPU
		{E327B3EC-7645-4093-B9D7-E0E31ABFCD1A}.Release|x64.Build.0 = Release|Any CPU
		{E327B3EC-7645-4093-B9D7-E0E31ABFCD1A}.Release|x86.ActiveCfg = Release|Any CPU
		{E327B3EC-7645-4093-B9D7-E0E31ABFCD1A}.Release|x86.Build.0 = Release|Any CPU
		{46657438-0444-45D1-807E-5B5D5A88F917}.Debug|Any CPU.ActiveCfg = Debug|Any CPU
		{46657438-0444-45D1-807E-5B5D5A88F917}.Debug|Any CPU.Build.0 = Debug|Any CPU
		{46657438-0444-45D1-807E-5B5D5A88F917}.Debug|x64.ActiveCfg = Debug|Any CPU
		{46657438-0444-45D1-807E-5B5D5A88F917}.Debug|x64.Build.0 = Debug|Any CPU
		{46657438-0444-45D1-807E-5B5D5A88F917}.Debug|x86.ActiveCfg = Debug|Any CPU
		{46657438-0444-45D1-807E-5B5D5A88F917}.Debug|x86.Build.0 = Debug|Any CPU
		{46657438-0444-45D1-807E-5B5D5A88F917}.Release|Any CPU.ActiveCfg = Release|Any CPU
		{46657438-0444-45D1-807E-5B5D5A88F917}.Release|Any CPU.Build.0 = Release|Any CPU
		{46657438-0444-45D1-807E-5B5D5A88F917}.Release|x64.ActiveCfg = Release|Any CPU
		{46657438-0444-45D1-807E-5B5D5A88F917}.Release|x64.Build.0 = Release|Any CPU
		{46657438-0444-45D1-807E-5B5D5A88F917}.Release|x86.ActiveCfg = Release|Any CPU
		{46657438-0444-45D1-807E-5B5D5A88F917}.Release|x86.Build.0 = Release|Any CPU
		{C747BE5C-C454-413F-939D-3565D8BF66FE}.Debug|Any CPU.ActiveCfg = Debug|Any CPU
		{C747BE5C-C454-413F-939D-3565D8BF66FE}.Debug|Any CPU.Build.0 = Debug|Any CPU
		{C747BE5C-C454-413F-939D-3565D8BF66FE}.Debug|x64.ActiveCfg = Debug|Any CPU
		{C747BE5C-C454-413F-939D-3565D8BF66FE}.Debug|x64.Build.0 = Debug|Any CPU
		{C747BE5C-C454-413F-939D-3565D8BF66FE}.Debug|x86.ActiveCfg = Debug|Any CPU
		{C747BE5C-C454-413F-939D-3565D8BF66FE}.Debug|x86.Build.0 = Debug|Any CPU
		{C747BE5C-C454-413F-939D-3565D8BF66FE}.Release|Any CPU.ActiveCfg = Release|Any CPU
		{C747BE5C-C454-413F-939D-3565D8BF66FE}.Release|Any CPU.Build.0 = Release|Any CPU
		{C747BE5C-C454-413F-939D-3565D8BF66FE}.Release|x64.ActiveCfg = Release|Any CPU
		{C747BE5C-C454-413F-939D-3565D8BF66FE}.Release|x64.Build.0 = Release|Any CPU
		{C747BE5C-C454-413F-939D-3565D8BF66FE}.Release|x86.ActiveCfg = Release|Any CPU
		{C747BE5C-C454-413F-939D-3565D8BF66FE}.Release|x86.Build.0 = Release|Any CPU
		{6768713C-5D7C-4D92-B81D-B6B4BF5D1C1F}.Debug|Any CPU.ActiveCfg = Debug|Any CPU
		{6768713C-5D7C-4D92-B81D-B6B4BF5D1C1F}.Debug|Any CPU.Build.0 = Debug|Any CPU
		{6768713C-5D7C-4D92-B81D-B6B4BF5D1C1F}.Debug|x64.ActiveCfg = Debug|Any CPU
		{6768713C-5D7C-4D92-B81D-B6B4BF5D1C1F}.Debug|x64.Build.0 = Debug|Any CPU
		{6768713C-5D7C-4D92-B81D-B6B4BF5D1C1F}.Debug|x86.ActiveCfg = Debug|Any CPU
		{6768713C-5D7C-4D92-B81D-B6B4BF5D1C1F}.Debug|x86.Build.0 = Debug|Any CPU
		{6768713C-5D7C-4D92-B81D-B6B4BF5D1C1F}.Release|Any CPU.ActiveCfg = Release|Any CPU
		{6768713C-5D7C-4D92-B81D-B6B4BF5D1C1F}.Release|Any CPU.Build.0 = Release|Any CPU
		{6768713C-5D7C-4D92-B81D-B6B4BF5D1C1F}.Release|x64.ActiveCfg = Release|Any CPU
		{6768713C-5D7C-4D92-B81D-B6B4BF5D1C1F}.Release|x64.Build.0 = Release|Any CPU
		{6768713C-5D7C-4D92-B81D-B6B4BF5D1C1F}.Release|x86.ActiveCfg = Release|Any CPU
		{6768713C-5D7C-4D92-B81D-B6B4BF5D1C1F}.Release|x86.Build.0 = Release|Any CPU
		{C0B6CF19-9A52-494D-BB32-34A690D7FCA3}.Debug|Any CPU.ActiveCfg = Debug|Any CPU
		{C0B6CF19-9A52-494D-BB32-34A690D7FCA3}.Debug|Any CPU.Build.0 = Debug|Any CPU
		{C0B6CF19-9A52-494D-BB32-34A690D7FCA3}.Debug|x64.ActiveCfg = Debug|Any CPU
		{C0B6CF19-9A52-494D-BB32-34A690D7FCA3}.Debug|x64.Build.0 = Debug|Any CPU
		{C0B6CF19-9A52-494D-BB32-34A690D7FCA3}.Debug|x86.ActiveCfg = Debug|Any CPU
		{C0B6CF19-9A52-494D-BB32-34A690D7FCA3}.Debug|x86.Build.0 = Debug|Any CPU
		{C0B6CF19-9A52-494D-BB32-34A690D7FCA3}.Release|Any CPU.ActiveCfg = Release|Any CPU
		{C0B6CF19-9A52-494D-BB32-34A690D7FCA3}.Release|Any CPU.Build.0 = Release|Any CPU
		{C0B6CF19-9A52-494D-BB32-34A690D7FCA3}.Release|x64.ActiveCfg = Release|Any CPU
		{C0B6CF19-9A52-494D-BB32-34A690D7FCA3}.Release|x64.Build.0 = Release|Any CPU
		{C0B6CF19-9A52-494D-BB32-34A690D7FCA3}.Release|x86.ActiveCfg = Release|Any CPU
		{C0B6CF19-9A52-494D-BB32-34A690D7FCA3}.Release|x86.Build.0 = Release|Any CPU
	EndGlobalSection
	GlobalSection(SolutionProperties) = preSolution
		HideSolutionNode = FALSE
	EndGlobalSection
	GlobalSection(ExtensibilityGlobals) = postSolution
		SolutionGuid = {8C4B8A2B-7F1F-47CE-AF54-9BE1B587FE64}
	EndGlobalSection
EndGlobal
