
Microsoft Visual Studio Solution File, Format Version 12.00
# Visual Studio Version 17
VisualStudioVersion = 17.5.2.0
MinimumVisualStudioVersion = 10.0.40219.1
Project("{FAE04EC0-301F-11D3-BF4B-00C04F79EFBC}") = "calculator", "calculator\calculator.csproj", "{054F7CB1-05A9-D89F-46D4-3FD428208C29}"
EndProject
Project("{FAE04EC0-301F-11D3-BF4B-00C04F79EFBC}") = "variables", "variables\variables.csproj", "{73A37665-115A-6C9C-33EA-44C594002D0C}"
EndProject
Project("{FAE04EC0-301F-11D3-BF4B-00C04F79EFBC}") = "LogicApp", "LogicApp\LogicApp.csproj", "{F3F3CC22-FFE6-4080-BD64-43905DC5A1EB}"
EndProject
Project("{FAE04EC0-301F-11D3-BF4B-00C04F79EFBC}") = "QuizApp", "QuizApp\QuizApp.csproj", "{8786D352-E7A2-470D-A090-E1D541352C44}"
EndProject
Project("{FAE04EC0-301F-11D3-BF4B-00C04F79EFBC}") = "RandomNum", "RandomNum\RandomNum.csproj", "{A1470F5F-67B2-4C08-9EAF-484E548DC24F}"
EndProject
Project("{FAE04EC0-301F-11D3-BF4B-00C04F79EFBC}") = "LoopsBasics", "LoopsBasics\LoopsBasics.csproj", "{21868354-8974-4777-B9CB-AA334FAF2EF9}"
EndProject
Project("{FAE04EC0-301F-11D3-BF4B-00C04F79EFBC}") = "GuessNumber", "GuessNumber\GuessNumber.csproj", "{2CF2C16F-B27E-4C81-B0E2-DF706DD35314}"
EndProject
Project("{FAE04EC0-301F-11D3-BF4B-00C04F79EFBC}") = "TextAdventureGame", "TextAdventureGame\TextAdventureGame.csproj", "{21200B42-44FC-4E10-A8BF-925DD14E4A3D}"
EndProject
Project("{FAE04EC0-301F-11D3-BF4B-00C04F79EFBC}") = "CalculateAvg", "CalculateAvg\CalculateAvg.csproj", "{8EEB5B9B-4B63-4890-8DB6-26B02F41919C}"
EndProject
Project("{FAE04EC0-301F-11D3-BF4B-00C04F79EFBC}") = "Arrays", "Arrays\Arrays.csproj", "{DDC0A4C3-B8FB-408C-8743-3F79303CA709}"
EndProject
Project("{FAE04EC0-301F-11D3-BF4B-00C04F79EFBC}") = "MethodsApp", "MethodsApp\MethodsApp.csproj", "{F75AB3F5-DE21-45D1-810A-1B13E95A6932}"
EndProject
Project("{FAE04EC0-301F-11D3-BF4B-00C04F79EFBC}") = "OldStyle", "OldStyle\OldStyle.csproj", "{2EE6CBC6-FC4A-4AEE-9DE2-DD65460CD66B}"
EndProject
Project("{FAE04EC0-301F-11D3-BF4B-00C04F79EFBC}") = "WeatherStationSimulator", "WeatherStationSimulator\WeatherStationSimulator.csproj", "{BAD3FEB2-F8A2-4C61-BAD0-BE99F13C5F73}"
EndProject
Project("{FAE04EC0-301F-11D3-BF4B-00C04F79EFBC}") = "ClassesApp", "ClassesApp\ClassesApp.csproj", "{83FAF75F-AC15-4F23-ACC3-CFECE38C23DA}"
EndProject
Project("{FAE04EC0-301F-11D3-BF4B-00C04F79EFBC}") = "OperationOverloading", "OperationOverloading\OperationOverloading.csproj", "{817C9FE0-C028-4001-B6E5-E9B7B5A640D2}"
EndProject
Project("{FAE04EC0-301F-11D3-BF4B-00C04F79EFBC}") = "BinOperatorOverloading", "BinOperatorOverloading\BinOperatorOverloading.csproj", "{26BB1807-5238-4DF4-95BB-41D2861A06CE}"
EndProject
Project("{FAE04EC0-301F-11D3-BF4B-00C04F79EFBC}") = "QuizProject", "QuizProject\QuizProject.csproj", "{70A4C7AE-EB71-4A9D-9A60-818CA3C5A212}"
EndProject
Global
	GlobalSection(SolutionConfigurationPlatforms) = preSolution
		Debug|Any CPU = Debug|Any CPU
		Debug|x64 = Debug|x64
		Debug|x86 = Debug|x86
		Release|Any CPU = Release|Any CPU
		Release|x64 = Release|x64
		Release|x86 = Release|x86
	EndGlobalSection
	GlobalSection(ProjectConfigurationPlatforms) = postSolution
		{054F7CB1-05A9-D89F-46D4-3FD428208C29}.Debug|Any CPU.ActiveCfg = Debug|Any CPU
		{054F7CB1-05A9-D89F-46D4-3FD428208C29}.Debug|Any CPU.Build.0 = Debug|Any CPU
		{054F7CB1-05A9-D89F-46D4-3FD428208C29}.Debug|x64.ActiveCfg = Debug|Any CPU
		{054F7CB1-05A9-D89F-46D4-3FD428208C29}.Debug|x64.Build.0 = Debug|Any CPU
		{054F7CB1-05A9-D89F-46D4-3FD428208C29}.Debug|x86.ActiveCfg = Debug|Any CPU
		{054F7CB1-05A9-D89F-46D4-3FD428208C29}.Debug|x86.Build.0 = Debug|Any CPU
		{054F7CB1-05A9-D89F-46D4-3FD428208C29}.Release|Any CPU.ActiveCfg = Release|Any CPU
		{054F7CB1-05A9-D89F-46D4-3FD428208C29}.Release|Any CPU.Build.0 = Release|Any CPU
		{054F7CB1-05A9-D89F-46D4-3FD428208C29}.Release|x64.ActiveCfg = Release|Any CPU
		{054F7CB1-05A9-D89F-46D4-3FD428208C29}.Release|x64.Build.0 = Release|Any CPU
		{054F7CB1-05A9-D89F-46D4-3FD428208C29}.Release|x86.ActiveCfg = Release|Any CPU
		{054F7CB1-05A9-D89F-46D4-3FD428208C29}.Release|x86.Build.0 = Release|Any CPU
		{73A37665-115A-6C9C-33EA-44C594002D0C}.Debug|Any CPU.ActiveCfg = Debug|Any CPU
		{73A37665-115A-6C9C-33EA-44C594002D0C}.Debug|Any CPU.Build.0 = Debug|Any CPU
		{73A37665-115A-6C9C-33EA-44C594002D0C}.Debug|x64.ActiveCfg = Debug|Any CPU
		{73A37665-115A-6C9C-33EA-44C594002D0C}.Debug|x64.Build.0 = Debug|Any CPU
		{73A37665-115A-6C9C-33EA-44C594002D0C}.Debug|x86.ActiveCfg = Debug|Any CPU
		{73A37665-115A-6C9C-33EA-44C594002D0C}.Debug|x86.Build.0 = Debug|Any CPU
		{73A37665-115A-6C9C-33EA-44C594002D0C}.Release|Any CPU.ActiveCfg = Release|Any CPU
		{73A37665-115A-6C9C-33EA-44C594002D0C}.Release|Any CPU.Build.0 = Release|Any CPU
		{73A37665-115A-6C9C-33EA-44C594002D0C}.Release|x64.ActiveCfg = Release|Any CPU
		{73A37665-115A-6C9C-33EA-44C594002D0C}.Release|x64.Build.0 = Release|Any CPU
		{73A37665-115A-6C9C-33EA-44C594002D0C}.Release|x86.ActiveCfg = Release|Any CPU
		{73A37665-115A-6C9C-33EA-44C594002D0C}.Release|x86.Build.0 = Release|Any CPU
		{F3F3CC22-FFE6-4080-BD64-43905DC5A1EB}.Debug|Any CPU.ActiveCfg = Debug|Any CPU
		{F3F3CC22-FFE6-4080-BD64-43905DC5A1EB}.Debug|Any CPU.Build.0 = Debug|Any CPU
		{F3F3CC22-FFE6-4080-BD64-43905DC5A1EB}.Debug|x64.ActiveCfg = Debug|Any CPU
		{F3F3CC22-FFE6-4080-BD64-43905DC5A1EB}.Debug|x64.Build.0 = Debug|Any CPU
		{F3F3CC22-FFE6-4080-BD64-43905DC5A1EB}.Debug|x86.ActiveCfg = Debug|Any CPU
		{F3F3CC22-FFE6-4080-BD64-43905DC5A1EB}.Debug|x86.Build.0 = Debug|Any CPU
		{F3F3CC22-FFE6-4080-BD64-43905DC5A1EB}.Release|Any CPU.ActiveCfg = Release|Any CPU
		{F3F3CC22-FFE6-4080-BD64-43905DC5A1EB}.Release|Any CPU.Build.0 = Release|Any CPU
		{F3F3CC22-FFE6-4080-BD64-43905DC5A1EB}.Release|x64.ActiveCfg = Release|Any CPU
		{F3F3CC22-FFE6-4080-BD64-43905DC5A1EB}.Release|x64.Build.0 = Release|Any CPU
		{F3F3CC22-FFE6-4080-BD64-43905DC5A1EB}.Release|x86.ActiveCfg = Release|Any CPU
		{F3F3CC22-FFE6-4080-BD64-43905DC5A1EB}.Release|x86.Build.0 = Release|Any CPU
		{8786D352-E7A2-470D-A090-E1D541352C44}.Debug|Any CPU.ActiveCfg = Debug|Any CPU
		{8786D352-E7A2-470D-A090-E1D541352C44}.Debug|Any CPU.Build.0 = Debug|Any CPU
		{8786D352-E7A2-470D-A090-E1D541352C44}.Debug|x64.ActiveCfg = Debug|Any CPU
		{8786D352-E7A2-470D-A090-E1D541352C44}.Debug|x64.Build.0 = Debug|Any CPU
		{8786D352-E7A2-470D-A090-E1D541352C44}.Debug|x86.ActiveCfg = Debug|Any CPU
		{8786D352-E7A2-470D-A090-E1D541352C44}.Debug|x86.Build.0 = Debug|Any CPU
		{8786D352-E7A2-470D-A090-E1D541352C44}.Release|Any CPU.ActiveCfg = Release|Any CPU
		{8786D352-E7A2-470D-A090-E1D541352C44}.Release|Any CPU.Build.0 = Release|Any CPU
		{8786D352-E7A2-470D-A090-E1D541352C44}.Release|x64.ActiveCfg = Release|Any CPU
		{8786D352-E7A2-470D-A090-E1D541352C44}.Release|x64.Build.0 = Release|Any CPU
		{8786D352-E7A2-470D-A090-E1D541352C44}.Release|x86.ActiveCfg = Release|Any CPU
		{8786D352-E7A2-470D-A090-E1D541352C44}.Release|x86.Build.0 = Release|Any CPU
		{A1470F5F-67B2-4C08-9EAF-484E548DC24F}.Debug|Any CPU.ActiveCfg = Debug|Any CPU
		{A1470F5F-67B2-4C08-9EAF-484E548DC24F}.Debug|Any CPU.Build.0 = Debug|Any CPU
		{A1470F5F-67B2-4C08-9EAF-484E548DC24F}.Debug|x64.ActiveCfg = Debug|Any CPU
		{A1470F5F-67B2-4C08-9EAF-484E548DC24F}.Debug|x64.Build.0 = Debug|Any CPU
		{A1470F5F-67B2-4C08-9EAF-484E548DC24F}.Debug|x86.ActiveCfg = Debug|Any CPU
		{A1470F5F-67B2-4C08-9EAF-484E548DC24F}.Debug|x86.Build.0 = Debug|Any CPU
		{A1470F5F-67B2-4C08-9EAF-484E548DC24F}.Release|Any CPU.ActiveCfg = Release|Any CPU
		{A1470F5F-67B2-4C08-9EAF-484E548DC24F}.Release|Any CPU.Build.0 = Release|Any CPU
		{A1470F5F-67B2-4C08-9EAF-484E548DC24F}.Release|x64.ActiveCfg = Release|Any CPU
		{A1470F5F-67B2-4C08-9EAF-484E548DC24F}.Release|x64.Build.0 = Release|Any CPU
		{A1470F5F-67B2-4C08-9EAF-484E548DC24F}.Release|x86.ActiveCfg = Release|Any CPU
		{A1470F5F-67B2-4C08-9EAF-484E548DC24F}.Release|x86.Build.0 = Release|Any CPU
		{21868354-8974-4777-B9CB-AA334FAF2EF9}.Debug|Any CPU.ActiveCfg = Debug|Any CPU
		{21868354-8974-4777-B9CB-AA334FAF2EF9}.Debug|Any CPU.Build.0 = Debug|Any CPU
		{21868354-8974-4777-B9CB-AA334FAF2EF9}.Debug|x64.ActiveCfg = Debug|Any CPU
		{21868354-8974-4777-B9CB-AA334FAF2EF9}.Debug|x64.Build.0 = Debug|Any CPU
		{21868354-8974-4777-B9CB-AA334FAF2EF9}.Debug|x86.ActiveCfg = Debug|Any CPU
		{21868354-8974-4777-B9CB-AA334FAF2EF9}.Debug|x86.Build.0 = Debug|Any CPU
		{21868354-8974-4777-B9CB-AA334FAF2EF9}.Release|Any CPU.ActiveCfg = Release|Any CPU
		{21868354-8974-4777-B9CB-AA334FAF2EF9}.Release|Any CPU.Build.0 = Release|Any CPU
		{21868354-8974-4777-B9CB-AA334FAF2EF9}.Release|x64.ActiveCfg = Release|Any CPU
		{21868354-8974-4777-B9CB-AA334FAF2EF9}.Release|x64.Build.0 = Release|Any CPU
		{21868354-8974-4777-B9CB-AA334FAF2EF9}.Release|x86.ActiveCfg = Release|Any CPU
		{21868354-8974-4777-B9CB-AA334FAF2EF9}.Release|x86.Build.0 = Release|Any CPU
		{2CF2C16F-B27E-4C81-B0E2-DF706DD35314}.Debug|Any CPU.ActiveCfg = Debug|Any CPU
		{2CF2C16F-B27E-4C81-B0E2-DF706DD35314}.Debug|Any CPU.Build.0 = Debug|Any CPU
		{2CF2C16F-B27E-4C81-B0E2-DF706DD35314}.Debug|x64.ActiveCfg = Debug|Any CPU
		{2CF2C16F-B27E-4C81-B0E2-DF706DD35314}.Debug|x64.Build.0 = Debug|Any CPU
		{2CF2C16F-B27E-4C81-B0E2-DF706DD35314}.Debug|x86.ActiveCfg = Debug|Any CPU
		{2CF2C16F-B27E-4C81-B0E2-DF706DD35314}.Debug|x86.Build.0 = Debug|Any CPU
		{2CF2C16F-B27E-4C81-B0E2-DF706DD35314}.Release|Any CPU.ActiveCfg = Release|Any CPU
		{2CF2C16F-B27E-4C81-B0E2-DF706DD35314}.Release|Any CPU.Build.0 = Release|Any CPU
		{2CF2C16F-B27E-4C81-B0E2-DF706DD35314}.Release|x64.ActiveCfg = Release|Any CPU
		{2CF2C16F-B27E-4C81-B0E2-DF706DD35314}.Release|x64.Build.0 = Release|Any CPU
		{2CF2C16F-B27E-4C81-B0E2-DF706DD35314}.Release|x86.ActiveCfg = Release|Any CPU
		{2CF2C16F-B27E-4C81-B0E2-DF706DD35314}.Release|x86.Build.0 = Release|Any CPU
		{21200B42-44FC-4E10-A8BF-925DD14E4A3D}.Debug|Any CPU.ActiveCfg = Debug|Any CPU
		{21200B42-44FC-4E10-A8BF-925DD14E4A3D}.Debug|Any CPU.Build.0 = Debug|Any CPU
		{21200B42-44FC-4E10-A8BF-925DD14E4A3D}.Debug|x64.ActiveCfg = Debug|Any CPU
		{21200B42-44FC-4E10-A8BF-925DD14E4A3D}.Debug|x64.Build.0 = Debug|Any CPU
		{21200B42-44FC-4E10-A8BF-925DD14E4A3D}.Debug|x86.ActiveCfg = Debug|Any CPU
		{21200B42-44FC-4E10-A8BF-925DD14E4A3D}.Debug|x86.Build.0 = Debug|Any CPU
		{21200B42-44FC-4E10-A8BF-925DD14E4A3D}.Release|Any CPU.ActiveCfg = Release|Any CPU
		{21200B42-44FC-4E10-A8BF-925DD14E4A3D}.Release|Any CPU.Build.0 = Release|Any CPU
		{21200B42-44FC-4E10-A8BF-925DD14E4A3D}.Release|x64.ActiveCfg = Release|Any CPU
		{21200B42-44FC-4E10-A8BF-925DD14E4A3D}.Release|x64.Build.0 = Release|Any CPU
		{21200B42-44FC-4E10-A8BF-925DD14E4A3D}.Release|x86.ActiveCfg = Release|Any CPU
		{21200B42-44FC-4E10-A8BF-925DD14E4A3D}.Release|x86.Build.0 = Release|Any CPU
		{8EEB5B9B-4B63-4890-8DB6-26B02F41919C}.Debug|Any CPU.ActiveCfg = Debug|Any CPU
		{8EEB5B9B-4B63-4890-8DB6-26B02F41919C}.Debug|Any CPU.Build.0 = Debug|Any CPU
		{8EEB5B9B-4B63-4890-8DB6-26B02F41919C}.Debug|x64.ActiveCfg = Debug|Any CPU
		{8EEB5B9B-4B63-4890-8DB6-26B02F41919C}.Debug|x64.Build.0 = Debug|Any CPU
		{8EEB5B9B-4B63-4890-8DB6-26B02F41919C}.Debug|x86.ActiveCfg = Debug|Any CPU
		{8EEB5B9B-4B63-4890-8DB6-26B02F41919C}.Debug|x86.Build.0 = Debug|Any CPU
		{8EEB5B9B-4B63-4890-8DB6-26B02F41919C}.Release|Any CPU.ActiveCfg = Release|Any CPU
		{8EEB5B9B-4B63-4890-8DB6-26B02F41919C}.Release|Any CPU.Build.0 = Release|Any CPU
		{8EEB5B9B-4B63-4890-8DB6-26B02F41919C}.Release|x64.ActiveCfg = Release|Any CPU
		{8EEB5B9B-4B63-4890-8DB6-26B02F41919C}.Release|x64.Build.0 = Release|Any CPU
		{8EEB5B9B-4B63-4890-8DB6-26B02F41919C}.Release|x86.ActiveCfg = Release|Any CPU
		{8EEB5B9B-4B63-4890-8DB6-26B02F41919C}.Release|x86.Build.0 = Release|Any CPU
		{DDC0A4C3-B8FB-408C-8743-3F79303CA709}.Debug|Any CPU.ActiveCfg = Debug|Any CPU
		{DDC0A4C3-B8FB-408C-8743-3F79303CA709}.Debug|Any CPU.Build.0 = Debug|Any CPU
		{DDC0A4C3-B8FB-408C-8743-3F79303CA709}.Debug|x64.ActiveCfg = Debug|Any CPU
		{DDC0A4C3-B8FB-408C-8743-3F79303CA709}.Debug|x64.Build.0 = Debug|Any CPU
		{DDC0A4C3-B8FB-408C-8743-3F79303CA709}.Debug|x86.ActiveCfg = Debug|Any CPU
		{DDC0A4C3-B8FB-408C-8743-3F79303CA709}.Debug|x86.Build.0 = Debug|Any CPU
		{DDC0A4C3-B8FB-408C-8743-3F79303CA709}.Release|Any CPU.ActiveCfg = Release|Any CPU
		{DDC0A4C3-B8FB-408C-8743-3F79303CA709}.Release|Any CPU.Build.0 = Release|Any CPU
		{DDC0A4C3-B8FB-408C-8743-3F79303CA709}.Release|x64.ActiveCfg = Release|Any CPU
		{DDC0A4C3-B8FB-408C-8743-3F79303CA709}.Release|x64.Build.0 = Release|Any CPU
		{DDC0A4C3-B8FB-408C-8743-3F79303CA709}.Release|x86.ActiveCfg = Release|Any CPU
		{DDC0A4C3-B8FB-408C-8743-3F79303CA709}.Release|x86.Build.0 = Release|Any CPU
		{F75AB3F5-DE21-45D1-810A-1B13E95A6932}.Debug|Any CPU.ActiveCfg = Debug|Any CPU
		{F75AB3F5-DE21-45D1-810A-1B13E95A6932}.Debug|Any CPU.Build.0 = Debug|Any CPU
		{F75AB3F5-DE21-45D1-810A-1B13E95A6932}.Debug|x64.ActiveCfg = Debug|Any CPU
		{F75AB3F5-DE21-45D1-810A-1B13E95A6932}.Debug|x64.Build.0 = Debug|Any CPU
		{F75AB3F5-DE21-45D1-810A-1B13E95A6932}.Debug|x86.ActiveCfg = Debug|Any CPU
		{F75AB3F5-DE21-45D1-810A-1B13E95A6932}.Debug|x86.Build.0 = Debug|Any CPU
		{F75AB3F5-DE21-45D1-810A-1B13E95A6932}.Release|Any CPU.ActiveCfg = Release|Any CPU
		{F75AB3F5-DE21-45D1-810A-1B13E95A6932}.Release|Any CPU.Build.0 = Release|Any CPU
		{F75AB3F5-DE21-45D1-810A-1B13E95A6932}.Release|x64.ActiveCfg = Release|Any CPU
		{F75AB3F5-DE21-45D1-810A-1B13E95A6932}.Release|x64.Build.0 = Release|Any CPU
		{F75AB3F5-DE21-45D1-810A-1B13E95A6932}.Release|x86.ActiveCfg = Release|Any CPU
		{F75AB3F5-DE21-45D1-810A-1B13E95A6932}.Release|x86.Build.0 = Release|Any CPU
		{2EE6CBC6-FC4A-4AEE-9DE2-DD65460CD66B}.Debug|Any CPU.ActiveCfg = Debug|Any CPU
		{2EE6CBC6-FC4A-4AEE-9DE2-DD65460CD66B}.Debug|Any CPU.Build.0 = Debug|Any CPU
		{2EE6CBC6-FC4A-4AEE-9DE2-DD65460CD66B}.Debug|x64.ActiveCfg = Debug|Any CPU
		{2EE6CBC6-FC4A-4AEE-9DE2-DD65460CD66B}.Debug|x64.Build.0 = Debug|Any CPU
		{2EE6CBC6-FC4A-4AEE-9DE2-DD65460CD66B}.Debug|x86.ActiveCfg = Debug|Any CPU
		{2EE6CBC6-FC4A-4AEE-9DE2-DD65460CD66B}.Debug|x86.Build.0 = Debug|Any CPU
		{2EE6CBC6-FC4A-4AEE-9DE2-DD65460CD66B}.Release|Any CPU.ActiveCfg = Release|Any CPU
		{2EE6CBC6-FC4A-4AEE-9DE2-DD65460CD66B}.Release|Any CPU.Build.0 = Release|Any CPU
		{2EE6CBC6-FC4A-4AEE-9DE2-DD65460CD66B}.Release|x64.ActiveCfg = Release|Any CPU
		{2EE6CBC6-FC4A-4AEE-9DE2-DD65460CD66B}.Release|x64.Build.0 = Release|Any CPU
		{2EE6CBC6-FC4A-4AEE-9DE2-DD65460CD66B}.Release|x86.ActiveCfg = Release|Any CPU
		{2EE6CBC6-FC4A-4AEE-9DE2-DD65460CD66B}.Release|x86.Build.0 = Release|Any CPU
		{BAD3FEB2-F8A2-4C61-BAD0-BE99F13C5F73}.Debug|Any CPU.ActiveCfg = Debug|Any CPU
		{BAD3FEB2-F8A2-4C61-BAD0-BE99F13C5F73}.Debug|Any CPU.Build.0 = Debug|Any CPU
		{BAD3FEB2-F8A2-4C61-BAD0-BE99F13C5F73}.Debug|x64.ActiveCfg = Debug|Any CPU
		{BAD3FEB2-F8A2-4C61-BAD0-BE99F13C5F73}.Debug|x64.Build.0 = Debug|Any CPU
		{BAD3FEB2-F8A2-4C61-BAD0-BE99F13C5F73}.Debug|x86.ActiveCfg = Debug|Any CPU
		{BAD3FEB2-F8A2-4C61-BAD0-BE99F13C5F73}.Debug|x86.Build.0 = Debug|Any CPU
		{BAD3FEB2-F8A2-4C61-BAD0-BE99F13C5F73}.Release|Any CPU.ActiveCfg = Release|Any CPU
		{BAD3FEB2-F8A2-4C61-BAD0-BE99F13C5F73}.Release|Any CPU.Build.0 = Release|Any CPU
		{BAD3FEB2-F8A2-4C61-BAD0-BE99F13C5F73}.Release|x64.ActiveCfg = Release|Any CPU
		{BAD3FEB2-F8A2-4C61-BAD0-BE99F13C5F73}.Release|x64.Build.0 = Release|Any CPU
		{BAD3FEB2-F8A2-4C61-BAD0-BE99F13C5F73}.Release|x86.ActiveCfg = Release|Any CPU
		{BAD3FEB2-F8A2-4C61-BAD0-BE99F13C5F73}.Release|x86.Build.0 = Release|Any CPU
		{83FAF75F-AC15-4F23-ACC3-CFECE38C23DA}.Debug|Any CPU.ActiveCfg = Debug|Any CPU
		{83FAF75F-AC15-4F23-ACC3-CFECE38C23DA}.Debug|Any CPU.Build.0 = Debug|Any CPU
		{83FAF75F-AC15-4F23-ACC3-CFECE38C23DA}.Debug|x64.ActiveCfg = Debug|Any CPU
		{83FAF75F-AC15-4F23-ACC3-CFECE38C23DA}.Debug|x64.Build.0 = Debug|Any CPU
		{83FAF75F-AC15-4F23-ACC3-CFECE38C23DA}.Debug|x86.ActiveCfg = Debug|Any CPU
		{83FAF75F-AC15-4F23-ACC3-CFECE38C23DA}.Debug|x86.Build.0 = Debug|Any CPU
		{83FAF75F-AC15-4F23-ACC3-CFECE38C23DA}.Release|Any CPU.ActiveCfg = Release|Any CPU
		{83FAF75F-AC15-4F23-ACC3-CFECE38C23DA}.Release|Any CPU.Build.0 = Release|Any CPU
		{83FAF75F-AC15-4F23-ACC3-CFECE38C23DA}.Release|x64.ActiveCfg = Release|Any CPU
		{83FAF75F-AC15-4F23-ACC3-CFECE38C23DA}.Release|x64.Build.0 = Release|Any CPU
		{83FAF75F-AC15-4F23-ACC3-CFECE38C23DA}.Release|x86.ActiveCfg = Release|Any CPU
		{83FAF75F-AC15-4F23-ACC3-CFECE38C23DA}.Release|x86.Build.0 = Release|Any CPU
		{817C9FE0-C028-4001-B6E5-E9B7B5A640D2}.Debug|Any CPU.ActiveCfg = Debug|Any CPU
		{817C9FE0-C028-4001-B6E5-E9B7B5A640D2}.Debug|Any CPU.Build.0 = Debug|Any CPU
		{817C9FE0-C028-4001-B6E5-E9B7B5A640D2}.Debug|x64.ActiveCfg = Debug|Any CPU
		{817C9FE0-C028-4001-B6E5-E9B7B5A640D2}.Debug|x64.Build.0 = Debug|Any CPU
		{817C9FE0-C028-4001-B6E5-E9B7B5A640D2}.Debug|x86.ActiveCfg = Debug|Any CPU
		{817C9FE0-C028-4001-B6E5-E9B7B5A640D2}.Debug|x86.Build.0 = Debug|Any CPU
		{817C9FE0-C028-4001-B6E5-E9B7B5A640D2}.Release|Any CPU.ActiveCfg = Release|Any CPU
		{817C9FE0-C028-4001-B6E5-E9B7B5A640D2}.Release|Any CPU.Build.0 = Release|Any CPU
		{817C9FE0-C028-4001-B6E5-E9B7B5A640D2}.Release|x64.ActiveCfg = Release|Any CPU
		{817C9FE0-C028-4001-B6E5-E9B7B5A640D2}.Release|x64.Build.0 = Release|Any CPU
		{817C9FE0-C028-4001-B6E5-E9B7B5A640D2}.Release|x86.ActiveCfg = Release|Any CPU
		{817C9FE0-C028-4001-B6E5-E9B7B5A640D2}.Release|x86.Build.0 = Release|Any CPU
		{26BB1807-5238-4DF4-95BB-41D2861A06CE}.Debug|Any CPU.ActiveCfg = Debug|Any CPU
		{26BB1807-5238-4DF4-95BB-41D2861A06CE}.Debug|Any CPU.Build.0 = Debug|Any CPU
		{26BB1807-5238-4DF4-95BB-41D2861A06CE}.Debug|x64.ActiveCfg = Debug|Any CPU
		{26BB1807-5238-4DF4-95BB-41D2861A06CE}.Debug|x64.Build.0 = Debug|Any CPU
		{26BB1807-5238-4DF4-95BB-41D2861A06CE}.Debug|x86.ActiveCfg = Debug|Any CPU
		{26BB1807-5238-4DF4-95BB-41D2861A06CE}.Debug|x86.Build.0 = Debug|Any CPU
		{26BB1807-5238-4DF4-95BB-41D2861A06CE}.Release|Any CPU.ActiveCfg = Release|Any CPU
		{26BB1807-5238-4DF4-95BB-41D2861A06CE}.Release|Any CPU.Build.0 = Release|Any CPU
		{26BB1807-5238-4DF4-95BB-41D2861A06CE}.Release|x64.ActiveCfg = Release|Any CPU
		{26BB1807-5238-4DF4-95BB-41D2861A06CE}.Release|x64.Build.0 = Release|Any CPU
		{26BB1807-5238-4DF4-95BB-41D2861A06CE}.Release|x86.ActiveCfg = Release|Any CPU
		{26BB1807-5238-4DF4-95BB-41D2861A06CE}.Release|x86.Build.0 = Release|Any CPU
		{70A4C7AE-EB71-4A9D-9A60-818CA3C5A212}.Debug|Any CPU.ActiveCfg = Debug|Any CPU
		{70A4C7AE-EB71-4A9D-9A60-818CA3C5A212}.Debug|Any CPU.Build.0 = Debug|Any CPU
		{70A4C7AE-EB71-4A9D-9A60-818CA3C5A212}.Debug|x64.ActiveCfg = Debug|Any CPU
		{70A4C7AE-EB71-4A9D-9A60-818CA3C5A212}.Debug|x64.Build.0 = Debug|Any CPU
		{70A4C7AE-EB71-4A9D-9A60-818CA3C5A212}.Debug|x86.ActiveCfg = Debug|Any CPU
		{70A4C7AE-EB71-4A9D-9A60-818CA3C5A212}.Debug|x86.Build.0 = Debug|Any CPU
		{70A4C7AE-EB71-4A9D-9A60-818CA3C5A212}.Release|Any CPU.ActiveCfg = Release|Any CPU
		{70A4C7AE-EB71-4A9D-9A60-818CA3C5A212}.Release|Any CPU.Build.0 = Release|Any CPU
		{70A4C7AE-EB71-4A9D-9A60-818CA3C5A212}.Release|x64.ActiveCfg = Release|Any CPU
		{70A4C7AE-EB71-4A9D-9A60-818CA3C5A212}.Release|x64.Build.0 = Release|Any CPU
		{70A4C7AE-EB71-4A9D-9A60-818CA3C5A212}.Release|x86.ActiveCfg = Release|Any CPU
		{70A4C7AE-EB71-4A9D-9A60-818CA3C5A212}.Release|x86.Build.0 = Release|Any CPU
	EndGlobalSection
	GlobalSection(SolutionProperties) = preSolution
		HideSolutionNode = FALSE
	EndGlobalSection
	GlobalSection(ExtensibilityGlobals) = postSolution
		SolutionGuid = {8C4B8A2B-7F1F-47CE-AF54-9BE1B587FE64}
	EndGlobalSection
EndGlobal
